
Microsoft Visual Studio Solution File, Format Version 12.00
# Visual Studio Version 16
VisualStudioVersion = 16.0.31624.102
MinimumVisualStudioVersion = 10.0.40219.1
Project("{FAE04EC0-301F-11D3-BF4B-00C04F79EFBC}") = "igierhan1730ex1b", "igierhan1730ex1b\igierhan1730ex1b.csproj", "{78AE5B75-5332-4FA3-B39F-6A544DB0A2A4}"
EndProject
Project("{FAE04EC0-301F-11D3-BF4B-00C04F79EFBC}") = "igierhan1730ex1c", "igierhan1730ex1c\igierhan1730ex1c.csproj", "{51494AEA-38E9-44B5-AB53-7DC58AAEEBC1}"
EndProject
Project("{FAE04EC0-301F-11D3-BF4B-00C04F79EFBC}") = "igierhan1730ex1d", "igierhan1730ex1d\igierhan1730ex1d.csproj", "{42043680-F543-4C34-9B7C-AC7EBB586B64}"
EndProject
Project("{FAE04EC0-301F-11D3-BF4B-00C04F79EFBC}") = "igierhan1730ex1e", "igierhan1730ex1e\igierhan1730ex1e.csproj", "{947DD4E2-5F3D-4CAF-B1F2-C114FEC6AA7B}"
EndProject
Project("{FAE04EC0-301F-11D3-BF4B-00C04F79EFBC}") = "igierhan1730ex1f", "igierhan1730ex1f\igierhan1730ex1f.csproj", "{751AAC34-0CAB-4091-BBA1-36504CE766BF}"
EndProject
Project("{FAE04EC0-301F-11D3-BF4B-00C04F79EFBC}") = "igierhan1730ex2a1", "igierhan1730ex2a1\igierhan1730ex2a1.csproj", "{4A6EF8CB-C205-483D-83D8-AB2832FB0CC2}"
EndProject
Project("{FAE04EC0-301F-11D3-BF4B-00C04F79EFBC}") = "igierhan1730ex2b1", "igierhan17302b1\igierhan1730ex2b1.csproj", "{BD48B7C2-2D2B-43D2-A67F-40CFF271779E}"
EndProject
Project("{FAE04EC0-301F-11D3-BF4B-00C04F79EFBC}") = "igierhanex2d1", "igierhan2d1\igierhanex2d1.csproj", "{E235A6E2-D285-4E34-A14A-8CA86D3A10B7}"
EndProject
Project("{FAE04EC0-301F-11D3-BF4B-00C04F79EFBC}") = "igierhanex2e1", "igierhanex2e1\igierhanex2e1.csproj", "{3E25B304-375A-40E4-BA78-4A7AE958FC91}"
EndProject
Project("{FAE04EC0-301F-11D3-BF4B-00C04F79EFBC}") = "igierhan2e1UnitTests", "igierhan2e1UnitTests\igierhan2e1UnitTests.csproj", "{BFEEE235-1A19-437D-B846-279F7D87F471}"
EndProject
Project("{FAE04EC0-301F-11D3-BF4B-00C04F79EFBC}") = "igierhanex2f1", "igierhanex2f1\igierhanex2f1.csproj", "{49EFEBEE-E873-43E9-9F08-E948DBD36AB0}"
EndProject
Project("{FAE04EC0-301F-11D3-BF4B-00C04F79EFBC}") = "igierhan2fUnitTests", "igierhan2fUnitTests\igierhan2fUnitTests.csproj", "{6294310E-2966-494D-A971-717FA70F8C30}"
EndProject
Project("{FAE04EC0-301F-11D3-BF4B-00C04F79EFBC}") = "igierhanex2g1", "igierhan2g1\igierhanex2g1.csproj", "{92222314-3C8B-4959-8B79-ED6F43435FC1}"
EndProject
Project("{FAE04EC0-301F-11D3-BF4B-00C04F79EFBC}") = "igierhan2gUnitTests", "igierhan2gUnitTests\igierhan2gUnitTests.csproj", "{1F53FD6E-48AA-4DB8-A640-EDB8287DFD56}"
EndProject
Project("{FAE04EC0-301F-11D3-BF4B-00C04F79EFBC}") = "igierhanex2h1", "igierhanex2h1\igierhanex2h1.csproj", "{E5826173-A54D-4B44-B084-5C9992945C3D}"
EndProject
Project("{FAE04EC0-301F-11D3-BF4B-00C04F79EFBC}") = "igierhanex2h1.Tests", "igierhanex2h1.Tests\igierhanex2h1.Tests.csproj", "{9AE087A5-88CA-434E-B289-EE9BF9691F27}"
EndProject
Project("{FAE04EC0-301F-11D3-BF4B-00C04F79EFBC}") = "StringMethodsSamp", "StringMethodsSamp\StringMethodsSamp.csproj", "{AEB1977D-F705-4A3F-BBD2-7904D118BBA5}"
EndProject
Project("{FAE04EC0-301F-11D3-BF4B-00C04F79EFBC}") = "igierhanex3a1", "igierhanex3a1\igierhanex3a1.csproj", "{7D872073-2BD9-4E68-B790-53270247E724}"
EndProject
Project("{FAE04EC0-301F-11D3-BF4B-00C04F79EFBC}") = "igierhan3a1UnitTests", "igierhan3a1UnitTests\igierhan3a1UnitTests.csproj", "{5FD3C88E-C019-499A-A53A-9035736CB0FD}"
EndProject
Project("{FAE04EC0-301F-11D3-BF4B-00C04F79EFBC}") = "igierhan3b1", "igierhan3b1\igierhan3b1.csproj", "{7D9A8E60-E536-46FB-922C-7EB6F6469194}"
EndProject
Project("{FAE04EC0-301F-11D3-BF4B-00C04F79EFBC}") = "igierhan3b1UnitTests", "igierhan3b1UnitTests\igierhan3b1UnitTests.csproj", "{02D85563-FC66-45C2-9421-75C8A879E66D}"
EndProject
Global
	GlobalSection(SolutionConfigurationPlatforms) = preSolution
		Debug|Any CPU = Debug|Any CPU
		Release|Any CPU = Release|Any CPU
	EndGlobalSection
	GlobalSection(ProjectConfigurationPlatforms) = postSolution
		{78AE5B75-5332-4FA3-B39F-6A544DB0A2A4}.Debug|Any CPU.ActiveCfg = Debug|Any CPU
		{78AE5B75-5332-4FA3-B39F-6A544DB0A2A4}.Debug|Any CPU.Build.0 = Debug|Any CPU
		{78AE5B75-5332-4FA3-B39F-6A544DB0A2A4}.Release|Any CPU.ActiveCfg = Release|Any CPU
		{78AE5B75-5332-4FA3-B39F-6A544DB0A2A4}.Release|Any CPU.Build.0 = Release|Any CPU
		{51494AEA-38E9-44B5-AB53-7DC58AAEEBC1}.Debug|Any CPU.ActiveCfg = Debug|Any CPU
		{51494AEA-38E9-44B5-AB53-7DC58AAEEBC1}.Debug|Any CPU.Build.0 = Debug|Any CPU
		{51494AEA-38E9-44B5-AB53-7DC58AAEEBC1}.Release|Any CPU.ActiveCfg = Release|Any CPU
		{51494AEA-38E9-44B5-AB53-7DC58AAEEBC1}.Release|Any CPU.Build.0 = Release|Any CPU
		{42043680-F543-4C34-9B7C-AC7EBB586B64}.Debug|Any CPU.ActiveCfg = Debug|Any CPU
		{42043680-F543-4C34-9B7C-AC7EBB586B64}.Debug|Any CPU.Build.0 = Debug|Any CPU
		{42043680-F543-4C34-9B7C-AC7EBB586B64}.Release|Any CPU.ActiveCfg = Release|Any CPU
		{42043680-F543-4C34-9B7C-AC7EBB586B64}.Release|Any CPU.Build.0 = Release|Any CPU
		{947DD4E2-5F3D-4CAF-B1F2-C114FEC6AA7B}.Debug|Any CPU.ActiveCfg = Debug|Any CPU
		{947DD4E2-5F3D-4CAF-B1F2-C114FEC6AA7B}.Debug|Any CPU.Build.0 = Debug|Any CPU
		{947DD4E2-5F3D-4CAF-B1F2-C114FEC6AA7B}.Release|Any CPU.ActiveCfg = Release|Any CPU
		{947DD4E2-5F3D-4CAF-B1F2-C114FEC6AA7B}.Release|Any CPU.Build.0 = Release|Any CPU
		{751AAC34-0CAB-4091-BBA1-36504CE766BF}.Debug|Any CPU.ActiveCfg = Debug|Any CPU
		{751AAC34-0CAB-4091-BBA1-36504CE766BF}.Debug|Any CPU.Build.0 = Debug|Any CPU
		{751AAC34-0CAB-4091-BBA1-36504CE766BF}.Release|Any CPU.ActiveCfg = Release|Any CPU
		{751AAC34-0CAB-4091-BBA1-36504CE766BF}.Release|Any CPU.Build.0 = Release|Any CPU
		{4A6EF8CB-C205-483D-83D8-AB2832FB0CC2}.Debug|Any CPU.ActiveCfg = Debug|Any CPU
		{4A6EF8CB-C205-483D-83D8-AB2832FB0CC2}.Debug|Any CPU.Build.0 = Debug|Any CPU
		{4A6EF8CB-C205-483D-83D8-AB2832FB0CC2}.Release|Any CPU.ActiveCfg = Release|Any CPU
		{4A6EF8CB-C205-483D-83D8-AB2832FB0CC2}.Release|Any CPU.Build.0 = Release|Any CPU
		{BD48B7C2-2D2B-43D2-A67F-40CFF271779E}.Debug|Any CPU.ActiveCfg = Debug|Any CPU
		{BD48B7C2-2D2B-43D2-A67F-40CFF271779E}.Debug|Any CPU.Build.0 = Debug|Any CPU
		{BD48B7C2-2D2B-43D2-A67F-40CFF271779E}.Release|Any CPU.ActiveCfg = Release|Any CPU
		{BD48B7C2-2D2B-43D2-A67F-40CFF271779E}.Release|Any CPU.Build.0 = Release|Any CPU
		{E235A6E2-D285-4E34-A14A-8CA86D3A10B7}.Debug|Any CPU.ActiveCfg = Debug|Any CPU
		{E235A6E2-D285-4E34-A14A-8CA86D3A10B7}.Debug|Any CPU.Build.0 = Debug|Any CPU
		{E235A6E2-D285-4E34-A14A-8CA86D3A10B7}.Release|Any CPU.ActiveCfg = Release|Any CPU
		{E235A6E2-D285-4E34-A14A-8CA86D3A10B7}.Release|Any CPU.Build.0 = Release|Any CPU
		{3E25B304-375A-40E4-BA78-4A7AE958FC91}.Debug|Any CPU.ActiveCfg = Debug|Any CPU
		{3E25B304-375A-40E4-BA78-4A7AE958FC91}.Debug|Any CPU.Build.0 = Debug|Any CPU
		{3E25B304-375A-40E4-BA78-4A7AE958FC91}.Release|Any CPU.ActiveCfg = Release|Any CPU
		{3E25B304-375A-40E4-BA78-4A7AE958FC91}.Release|Any CPU.Build.0 = Release|Any CPU
		{BFEEE235-1A19-437D-B846-279F7D87F471}.Debug|Any CPU.ActiveCfg = Debug|Any CPU
		{BFEEE235-1A19-437D-B846-279F7D87F471}.Debug|Any CPU.Build.0 = Debug|Any CPU
		{BFEEE235-1A19-437D-B846-279F7D87F471}.Release|Any CPU.ActiveCfg = Release|Any CPU
		{BFEEE235-1A19-437D-B846-279F7D87F471}.Release|Any CPU.Build.0 = Release|Any CPU
		{49EFEBEE-E873-43E9-9F08-E948DBD36AB0}.Debug|Any CPU.ActiveCfg = Debug|Any CPU
		{49EFEBEE-E873-43E9-9F08-E948DBD36AB0}.Debug|Any CPU.Build.0 = Debug|Any CPU
		{49EFEBEE-E873-43E9-9F08-E948DBD36AB0}.Release|Any CPU.ActiveCfg = Release|Any CPU
		{49EFEBEE-E873-43E9-9F08-E948DBD36AB0}.Release|Any CPU.Build.0 = Release|Any CPU
		{6294310E-2966-494D-A971-717FA70F8C30}.Debug|Any CPU.ActiveCfg = Debug|Any CPU
		{6294310E-2966-494D-A971-717FA70F8C30}.Debug|Any CPU.Build.0 = Debug|Any CPU
		{6294310E-2966-494D-A971-717FA70F8C30}.Release|Any CPU.ActiveCfg = Release|Any CPU
		{6294310E-2966-494D-A971-717FA70F8C30}.Release|Any CPU.Build.0 = Release|Any CPU
		{92222314-3C8B-4959-8B79-ED6F43435FC1}.Debug|Any CPU.ActiveCfg = Debug|Any CPU
		{92222314-3C8B-4959-8B79-ED6F43435FC1}.Debug|Any CPU.Build.0 = Debug|Any CPU
		{92222314-3C8B-4959-8B79-ED6F43435FC1}.Release|Any CPU.ActiveCfg = Release|Any CPU
		{92222314-3C8B-4959-8B79-ED6F43435FC1}.Release|Any CPU.Build.0 = Release|Any CPU
		{1F53FD6E-48AA-4DB8-A640-EDB8287DFD56}.Debug|Any CPU.ActiveCfg = Debug|Any CPU
		{1F53FD6E-48AA-4DB8-A640-EDB8287DFD56}.Debug|Any CPU.Build.0 = Debug|Any CPU
		{1F53FD6E-48AA-4DB8-A640-EDB8287DFD56}.Release|Any CPU.ActiveCfg = Release|Any CPU
		{1F53FD6E-48AA-4DB8-A640-EDB8287DFD56}.Release|Any CPU.Build.0 = Release|Any CPU
		{E5826173-A54D-4B44-B084-5C9992945C3D}.Debug|Any CPU.ActiveCfg = Debug|Any CPU
		{E5826173-A54D-4B44-B084-5C9992945C3D}.Debug|Any CPU.Build.0 = Debug|Any CPU
		{E5826173-A54D-4B44-B084-5C9992945C3D}.Release|Any CPU.ActiveCfg = Release|Any CPU
		{E5826173-A54D-4B44-B084-5C9992945C3D}.Release|Any CPU.Build.0 = Release|Any CPU
		{9AE087A5-88CA-434E-B289-EE9BF9691F27}.Debug|Any CPU.ActiveCfg = Debug|Any CPU
		{9AE087A5-88CA-434E-B289-EE9BF9691F27}.Debug|Any CPU.Build.0 = Debug|Any CPU
		{9AE087A5-88CA-434E-B289-EE9BF9691F27}.Release|Any CPU.ActiveCfg = Release|Any CPU
		{9AE087A5-88CA-434E-B289-EE9BF9691F27}.Release|Any CPU.Build.0 = Release|Any CPU
		{AEB1977D-F705-4A3F-BBD2-7904D118BBA5}.Debug|Any CPU.ActiveCfg = Debug|Any CPU
		{AEB1977D-F705-4A3F-BBD2-7904D118BBA5}.Debug|Any CPU.Build.0 = Debug|Any CPU
		{AEB1977D-F705-4A3F-BBD2-7904D118BBA5}.Release|Any CPU.ActiveCfg = Release|Any CPU
		{AEB1977D-F705-4A3F-BBD2-7904D118BBA5}.Release|Any CPU.Build.0 = Release|Any CPU
		{7D872073-2BD9-4E68-B790-53270247E724}.Debug|Any CPU.ActiveCfg = Debug|Any CPU
		{7D872073-2BD9-4E68-B790-53270247E724}.Debug|Any CPU.Build.0 = Debug|Any CPU
		{7D872073-2BD9-4E68-B790-53270247E724}.Release|Any CPU.ActiveCfg = Release|Any CPU
		{7D872073-2BD9-4E68-B790-53270247E724}.Release|Any CPU.Build.0 = Release|Any CPU
		{5FD3C88E-C019-499A-A53A-9035736CB0FD}.Debug|Any CPU.ActiveCfg = Debug|Any CPU
		{5FD3C88E-C019-499A-A53A-9035736CB0FD}.Debug|Any CPU.Build.0 = Debug|Any CPU
		{5FD3C88E-C019-499A-A53A-9035736CB0FD}.Release|Any CPU.ActiveCfg = Release|Any CPU
		{5FD3C88E-C019-499A-A53A-9035736CB0FD}.Release|Any CPU.Build.0 = Release|Any CPU
		{7D9A8E60-E536-46FB-922C-7EB6F6469194}.Debug|Any CPU.ActiveCfg = Debug|Any CPU
		{7D9A8E60-E536-46FB-922C-7EB6F6469194}.Debug|Any CPU.Build.0 = Debug|Any CPU
		{7D9A8E60-E536-46FB-922C-7EB6F6469194}.Release|Any CPU.ActiveCfg = Release|Any CPU
		{7D9A8E60-E536-46FB-922C-7EB6F6469194}.Release|Any CPU.Build.0 = Release|Any CPU
		{02D85563-FC66-45C2-9421-75C8A879E66D}.Debug|Any CPU.ActiveCfg = Debug|Any CPU
		{02D85563-FC66-45C2-9421-75C8A879E66D}.Debug|Any CPU.Build.0 = Debug|Any CPU
		{02D85563-FC66-45C2-9421-75C8A879E66D}.Release|Any CPU.ActiveCfg = Release|Any CPU
		{02D85563-FC66-45C2-9421-75C8A879E66D}.Release|Any CPU.Build.0 = Release|Any CPU
	EndGlobalSection
	GlobalSection(SolutionProperties) = preSolution
		HideSolutionNode = FALSE
	EndGlobalSection
	GlobalSection(ExtensibilityGlobals) = postSolution
		SolutionGuid = {6AE48DBB-A984-4031-9F0A-A58559729520}
	EndGlobalSection
EndGlobal
